{
  "originHash" : "ffef6d90f39aa3f9bd452ee7488bed6f53dfec789d54a497e3014ed2a7837742",
  "pins" : [
    {
      "identity" : "launchatlogin-modern",
      "kind" : "remoteSourceControl",
      "location" : "https://github.com/sindresorhus/LaunchAtLogin-Modern",
      "state" : {
        "branch" : "main",
        "revision" : "9c41991631605c8ccfe0347bbcb5c659169f2ec5"
      }
    },
    {
      "identity" : "menubarextraaccess",
      "kind" : "remoteSourceControl",
      "location" : "https://github.com/orchetect/MenuBarExtraAccess",
      "state" : {
        "revision" : "f5896b47e15e114975897354c7e1082c51a2bffd",
        "version" : "1.0.5"
      }
    },
    {
      "identity" : "oxygen",
      "kind" : "remoteSourceControl",
      "location" : "https://github.com/mpangburn/Oxygen",
      "state" : {
        "branch" : "master",
        "revision" : "b3c7a6ead1400e4799b16755d23c9905040d4acc"
      }
    }
  ],
  "version" : 3
}
