{
  "originHash" : "c1f8fbd46665c092d15111e099464481167d235f0a3cd4a9e922815a0b89a761",
  "pins" : [
    {
      "identity" : "awesome",
      "kind" : "remoteSourceControl",
      "location" : "https://github.com/LiveUI/Awesome",
      "state" : {
        "revision" : "40c68d0ca2b143c1118e636518706a4b8332777b",
        "version" : "2.4.0"
      }
    },
    {
      "identity" : "launchatlogin-modern",
      "kind" : "remoteSourceControl",
      "location" : "https://github.com/sindresorhus/LaunchAtLogin-Modern",
      "state" : {
        "branch" : "main",
        "revision" : "9c41991631605c8ccfe0347bbcb5c659169f2ec5"
      }
    },
    {
      "identity" : "menubarextraaccess",
      "kind" : "remoteSourceControl",
      "location" : "https://github.com/orchetect/MenuBarExtraAccess",
      "state" : {
        "revision" : "f5896b47e15e114975897354c7e1082c51a2bffd",
        "version" : "1.0.5"
      }
    },
    {
      "identity" : "oxygen",
      "kind" : "remoteSourceControl",
      "location" : "https://github.com/mpangburn/Oxygen",
      "state" : {
        "branch" : "master",
        "revision" : "b3c7a6ead1400e4799b16755d23c9905040d4acc"
      }
    }
  ],
  "version" : 3
}
